
Microsoft Visual Studio Solution File, Format Version 12.00
# Visual Studio Version 17
VisualStudioVersion = 17.3.32901.215
MinimumVisualStudioVersion = 10.0.40219.1
Project("{9A19103F-16F7-4668-BE54-9A1E7A4F7556}") = "TallerCORE", "TallerCORE.csproj", "{35FE2B3B-E403-484E-A42F-E5012FE7F272}"
EndProject
Global
	GlobalSection(SolutionConfigurationPlatforms) = preSolution
		Debug|Any CPU = Debug|Any CPU
		Release|Any CPU = Release|Any CPU
	EndGlobalSection
	GlobalSection(ProjectConfigurationPlatforms) = postSolution
		{35FE2B3B-E403-484E-A42F-E5012FE7F272}.Debug|Any CPU.ActiveCfg = Debug|Any CPU
		{35FE2B3B-E403-484E-A42F-E5012FE7F272}.Debug|Any CPU.Build.0 = Debug|Any CPU
		{35FE2B3B-E403-484E-A42F-E5012FE7F272}.Release|Any CPU.ActiveCfg = Release|Any CPU
		{35FE2B3B-E403-484E-A42F-E5012FE7F272}.Release|Any CPU.Build.0 = Release|Any CPU
	EndGlobalSection
	GlobalSection(SolutionProperties) = preSolution
		HideSolutionNode = FALSE
	EndGlobalSection
	GlobalSection(ExtensibilityGlobals) = postSolution
		SolutionGuid = {63867D69-DE27-4930-A442-67A200DA2A3A}
	EndGlobalSection
EndGlobal
